
Microsoft Visual Studio Solution File, Format Version 12.00
# Visual Studio Version 17
VisualStudioVersion = 17.11.35208.52
MinimumVisualStudioVersion = 10.0.40219.1
Project("{FAE04EC0-301F-11D3-BF4B-00C04F79EFBC}") = "task 6", "task 6\task 6.csproj", "{80D6A7AE-3112-463F-B4F9-DE3B7C3D30AD}"
EndProject
Global
	GlobalSection(SolutionConfigurationPlatforms) = preSolution
		Debug|Any CPU = Debug|Any CPU
		Release|Any CPU = Release|Any CPU
	EndGlobalSection
	GlobalSection(ProjectConfigurationPlatforms) = postSolution
		{80D6A7AE-3112-463F-B4F9-DE3B7C3D30AD}.Debug|Any CPU.ActiveCfg = Debug|Any CPU
		{80D6A7AE-3112-463F-B4F9-DE3B7C3D30AD}.Debug|Any CPU.Build.0 = Debug|Any CPU
		{80D6A7AE-3112-463F-B4F9-DE3B7C3D30AD}.Release|Any CPU.ActiveCfg = Release|Any CPU
		{80D6A7AE-3112-463F-B4F9-DE3B7C3D30AD}.Release|Any CPU.Build.0 = Release|Any CPU
	EndGlobalSection
	GlobalSection(SolutionProperties) = preSolution
		HideSolutionNode = FALSE
	EndGlobalSection
	GlobalSection(ExtensibilityGlobals) = postSolution
		SolutionGuid = {02FE8A48-7C22-4C99-AC25-8A95DF0B3CDF}
	EndGlobalSection
EndGlobal
