
Microsoft Visual Studio Solution File, Format Version 12.00
# Visual Studio Version 17
VisualStudioVersion = 17.11.35208.52
MinimumVisualStudioVersion = 10.0.40219.1
Project("{FAE04EC0-301F-11D3-BF4B-00C04F79EFBC}") = "TASK1", "TASK1\TASK1.csproj", "{F662E66B-C9CC-427B-A39F-CEE06F0DFFD0}"
EndProject
Global
	GlobalSection(SolutionConfigurationPlatforms) = preSolution
		Debug|Any CPU = Debug|Any CPU
		Release|Any CPU = Release|Any CPU
	EndGlobalSection
	GlobalSection(ProjectConfigurationPlatforms) = postSolution
		{F662E66B-C9CC-427B-A39F-CEE06F0DFFD0}.Debug|Any CPU.ActiveCfg = Debug|Any CPU
		{F662E66B-C9CC-427B-A39F-CEE06F0DFFD0}.Debug|Any CPU.Build.0 = Debug|Any CPU
		{F662E66B-C9CC-427B-A39F-CEE06F0DFFD0}.Release|Any CPU.ActiveCfg = Release|Any CPU
		{F662E66B-C9CC-427B-A39F-CEE06F0DFFD0}.Release|Any CPU.Build.0 = Release|Any CPU
	EndGlobalSection
	GlobalSection(SolutionProperties) = preSolution
		HideSolutionNode = FALSE
	EndGlobalSection
	GlobalSection(ExtensibilityGlobals) = postSolution
		SolutionGuid = {FD05A75C-87E5-477C-B04A-A2B81D912F34}
	EndGlobalSection
EndGlobal
